
Microsoft Visual Studio Solution File, Format Version 12.00
# Visual Studio Version 16
VisualStudioVersion = 16.0.28917.181
MinimumVisualStudioVersion = 10.0.40219.1
Project("{FAE04EC0-301F-11D3-BF4B-00C04F79EFBC}") = "ClientSideBlazorDemoV2", "ClientSideBlazorDemoV2\ClientSideBlazorDemoV2.csproj", "{5F23E177-F9B8-4ACD-A4F3-6CD6B2C366A5}"
EndProject
Global
	GlobalSection(SolutionConfigurationPlatforms) = preSolution
		Debug|Any CPU = Debug|Any CPU
		Release|Any CPU = Release|Any CPU
	EndGlobalSection
	GlobalSection(ProjectConfigurationPlatforms) = postSolution
		{5F23E177-F9B8-4ACD-A4F3-6CD6B2C366A5}.Debug|Any CPU.ActiveCfg = Debug|Any CPU
		{5F23E177-F9B8-4ACD-A4F3-6CD6B2C366A5}.Debug|Any CPU.Build.0 = Debug|Any CPU
		{5F23E177-F9B8-4ACD-A4F3-6CD6B2C366A5}.Release|Any CPU.ActiveCfg = Release|Any CPU
		{5F23E177-F9B8-4ACD-A4F3-6CD6B2C366A5}.Release|Any CPU.Build.0 = Release|Any CPU
	EndGlobalSection
	GlobalSection(SolutionProperties) = preSolution
		HideSolutionNode = FALSE
	EndGlobalSection
	GlobalSection(ExtensibilityGlobals) = postSolution
		SolutionGuid = {4C34CFD3-F808-4D95-983E-687537FC55CD}
	EndGlobalSection
EndGlobal
